
Microsoft Visual Studio Solution File, Format Version 12.00
# Visual Studio Version 16
VisualStudioVersion = 16.0.33027.164
MinimumVisualStudioVersion = 10.0.40219.1
Project("{FAE04EC0-301F-11D3-BF4B-00C04F79EFBC}") = "Main-Method-Demo", "Main-Method-Demo\Main-Method-Demo.csproj", "{C0C17257-5CAF-4570-BE7D-E4F354604141}"
EndProject
Global
	GlobalSection(SolutionConfigurationPlatforms) = preSolution
		Debug|Any CPU = Debug|Any CPU
		Release|Any CPU = Release|Any CPU
	EndGlobalSection
	GlobalSection(ProjectConfigurationPlatforms) = postSolution
		{C0C17257-5CAF-4570-BE7D-E4F354604141}.Debug|Any CPU.ActiveCfg = Debug|Any CPU
		{C0C17257-5CAF-4570-BE7D-E4F354604141}.Debug|Any CPU.Build.0 = Debug|Any CPU
		{C0C17257-5CAF-4570-BE7D-E4F354604141}.Release|Any CPU.ActiveCfg = Release|Any CPU
		{C0C17257-5CAF-4570-BE7D-E4F354604141}.Release|Any CPU.Build.0 = Release|Any CPU
	EndGlobalSection
	GlobalSection(SolutionProperties) = preSolution
		HideSolutionNode = FALSE
	EndGlobalSection
	GlobalSection(ExtensibilityGlobals) = postSolution
		SolutionGuid = {663C4F22-6F61-4F76-90C3-7C0B6D072468}
	EndGlobalSection
EndGlobal
