
Microsoft Visual Studio Solution File, Format Version 12.00
# Visual Studio Version 16
VisualStudioVersion = 16.0.33027.164
MinimumVisualStudioVersion = 10.0.40219.1
Project("{FAE04EC0-301F-11D3-BF4B-00C04F79EFBC}") = "Lambda-Function-Demo", "Lambda-Function-Demo\Lambda-Function-Demo.csproj", "{8CAE5A9E-E0C3-4E4A-BDBD-14F3BB570C99}"
EndProject
Global
	GlobalSection(SolutionConfigurationPlatforms) = preSolution
		Debug|Any CPU = Debug|Any CPU
		Release|Any CPU = Release|Any CPU
	EndGlobalSection
	GlobalSection(ProjectConfigurationPlatforms) = postSolution
		{8CAE5A9E-E0C3-4E4A-BDBD-14F3BB570C99}.Debug|Any CPU.ActiveCfg = Debug|Any CPU
		{8CAE5A9E-E0C3-4E4A-BDBD-14F3BB570C99}.Debug|Any CPU.Build.0 = Debug|Any CPU
		{8CAE5A9E-E0C3-4E4A-BDBD-14F3BB570C99}.Release|Any CPU.ActiveCfg = Release|Any CPU
		{8CAE5A9E-E0C3-4E4A-BDBD-14F3BB570C99}.Release|Any CPU.Build.0 = Release|Any CPU
	EndGlobalSection
	GlobalSection(SolutionProperties) = preSolution
		HideSolutionNode = FALSE
	EndGlobalSection
	GlobalSection(ExtensibilityGlobals) = postSolution
		SolutionGuid = {4537A255-EEE3-4EE4-8421-725456006AE4}
	EndGlobalSection
EndGlobal
