
Microsoft Visual Studio Solution File, Format Version 12.00
# Visual Studio Version 16
VisualStudioVersion = 16.0.33214.272
MinimumVisualStudioVersion = 10.0.40219.1
Project("{FAE04EC0-301F-11D3-BF4B-00C04F79EFBC}") = "EntityCodeFirstDemo", "EntityCodeFirstDemo.csproj", "{6FFFD7DC-6BFD-438C-BB14-6D5EBF65715C}"
EndProject
Global
	GlobalSection(SolutionConfigurationPlatforms) = preSolution
		Debug|Any CPU = Debug|Any CPU
		Release|Any CPU = Release|Any CPU
	EndGlobalSection
	GlobalSection(ProjectConfigurationPlatforms) = postSolution
		{6FFFD7DC-6BFD-438C-BB14-6D5EBF65715C}.Debug|Any CPU.ActiveCfg = Debug|Any CPU
		{6FFFD7DC-6BFD-438C-BB14-6D5EBF65715C}.Debug|Any CPU.Build.0 = Debug|Any CPU
		{6FFFD7DC-6BFD-438C-BB14-6D5EBF65715C}.Release|Any CPU.ActiveCfg = Release|Any CPU
		{6FFFD7DC-6BFD-438C-BB14-6D5EBF65715C}.Release|Any CPU.Build.0 = Release|Any CPU
	EndGlobalSection
	GlobalSection(SolutionProperties) = preSolution
		HideSolutionNode = FALSE
	EndGlobalSection
	GlobalSection(ExtensibilityGlobals) = postSolution
		SolutionGuid = {36C79AFF-D344-44CC-A0BB-BBEF0ED6CB5F}
	EndGlobalSection
EndGlobal
