
Microsoft Visual Studio Solution File, Format Version 12.00
# Visual Studio Version 16
VisualStudioVersion = 16.0.33027.164
MinimumVisualStudioVersion = 10.0.40219.1
Project("{FAE04EC0-301F-11D3-BF4B-00C04F79EFBC}") = "Interface-Polymorphism-Demo", "Interface-Polymorphism-Demo\Interface-Polymorphism-Demo.csproj", "{2231BFF4-F3BA-4B5D-88DE-8C93A3CF008E}"
EndProject
Global
	GlobalSection(SolutionConfigurationPlatforms) = preSolution
		Debug|Any CPU = Debug|Any CPU
		Release|Any CPU = Release|Any CPU
	EndGlobalSection
	GlobalSection(ProjectConfigurationPlatforms) = postSolution
		{2231BFF4-F3BA-4B5D-88DE-8C93A3CF008E}.Debug|Any CPU.ActiveCfg = Debug|Any CPU
		{2231BFF4-F3BA-4B5D-88DE-8C93A3CF008E}.Debug|Any CPU.Build.0 = Debug|Any CPU
		{2231BFF4-F3BA-4B5D-88DE-8C93A3CF008E}.Release|Any CPU.ActiveCfg = Release|Any CPU
		{2231BFF4-F3BA-4B5D-88DE-8C93A3CF008E}.Release|Any CPU.Build.0 = Release|Any CPU
	EndGlobalSection
	GlobalSection(SolutionProperties) = preSolution
		HideSolutionNode = FALSE
	EndGlobalSection
	GlobalSection(ExtensibilityGlobals) = postSolution
		SolutionGuid = {C1A5EDA4-F1D4-4187-8096-430D9678D9FF}
	EndGlobalSection
EndGlobal
