
Microsoft Visual Studio Solution File, Format Version 12.00
# Visual Studio Version 16
VisualStudioVersion = 16.0.33027.164
MinimumVisualStudioVersion = 10.0.40219.1
Project("{FAE04EC0-301F-11D3-BF4B-00C04F79EFBC}") = "OOP-Inheritance-Demo", "OOP-Inheritance-Demo\OOP-Inheritance-Demo.csproj", "{620B67BD-3CD6-4FB3-A825-04BD050E8881}"
EndProject
Global
	GlobalSection(SolutionConfigurationPlatforms) = preSolution
		Debug|Any CPU = Debug|Any CPU
		Release|Any CPU = Release|Any CPU
	EndGlobalSection
	GlobalSection(ProjectConfigurationPlatforms) = postSolution
		{620B67BD-3CD6-4FB3-A825-04BD050E8881}.Debug|Any CPU.ActiveCfg = Debug|Any CPU
		{620B67BD-3CD6-4FB3-A825-04BD050E8881}.Debug|Any CPU.Build.0 = Debug|Any CPU
		{620B67BD-3CD6-4FB3-A825-04BD050E8881}.Release|Any CPU.ActiveCfg = Release|Any CPU
		{620B67BD-3CD6-4FB3-A825-04BD050E8881}.Release|Any CPU.Build.0 = Release|Any CPU
	EndGlobalSection
	GlobalSection(SolutionProperties) = preSolution
		HideSolutionNode = FALSE
	EndGlobalSection
	GlobalSection(ExtensibilityGlobals) = postSolution
		SolutionGuid = {9093AC2A-7BD1-4137-9E10-8E5D64A5CED7}
	EndGlobalSection
EndGlobal
