
Microsoft Visual Studio Solution File, Format Version 12.00
# Visual Studio Version 16
VisualStudioVersion = 16.0.33027.164
MinimumVisualStudioVersion = 10.0.40219.1
Project("{FAE04EC0-301F-11D3-BF4B-00C04F79EFBC}") = "Do-While-Demo", "Do-While-Demo\Do-While-Demo.csproj", "{03E2774B-6047-43BB-A6D3-68A900E2CE59}"
EndProject
Global
	GlobalSection(SolutionConfigurationPlatforms) = preSolution
		Debug|Any CPU = Debug|Any CPU
		Release|Any CPU = Release|Any CPU
	EndGlobalSection
	GlobalSection(ProjectConfigurationPlatforms) = postSolution
		{03E2774B-6047-43BB-A6D3-68A900E2CE59}.Debug|Any CPU.ActiveCfg = Debug|Any CPU
		{03E2774B-6047-43BB-A6D3-68A900E2CE59}.Debug|Any CPU.Build.0 = Debug|Any CPU
		{03E2774B-6047-43BB-A6D3-68A900E2CE59}.Release|Any CPU.ActiveCfg = Release|Any CPU
		{03E2774B-6047-43BB-A6D3-68A900E2CE59}.Release|Any CPU.Build.0 = Release|Any CPU
	EndGlobalSection
	GlobalSection(SolutionProperties) = preSolution
		HideSolutionNode = FALSE
	EndGlobalSection
	GlobalSection(ExtensibilityGlobals) = postSolution
		SolutionGuid = {E4BA3628-1EDA-49DB-8404-3A998BE8164E}
	EndGlobalSection
EndGlobal
