
Microsoft Visual Studio Solution File, Format Version 12.00
# Visual Studio Version 16
VisualStudioVersion = 16.0.33027.164
MinimumVisualStudioVersion = 10.0.40219.1
Project("{FAE04EC0-301F-11D3-BF4B-00C04F79EFBC}") = "Struct-Demo", "Struct-Demo\Struct-Demo.csproj", "{9085929E-674A-4CFF-A170-4D6C7FD91FE2}"
EndProject
Global
	GlobalSection(SolutionConfigurationPlatforms) = preSolution
		Debug|Any CPU = Debug|Any CPU
		Release|Any CPU = Release|Any CPU
	EndGlobalSection
	GlobalSection(ProjectConfigurationPlatforms) = postSolution
		{9085929E-674A-4CFF-A170-4D6C7FD91FE2}.Debug|Any CPU.ActiveCfg = Debug|Any CPU
		{9085929E-674A-4CFF-A170-4D6C7FD91FE2}.Debug|Any CPU.Build.0 = Debug|Any CPU
		{9085929E-674A-4CFF-A170-4D6C7FD91FE2}.Release|Any CPU.ActiveCfg = Release|Any CPU
		{9085929E-674A-4CFF-A170-4D6C7FD91FE2}.Release|Any CPU.Build.0 = Release|Any CPU
	EndGlobalSection
	GlobalSection(SolutionProperties) = preSolution
		HideSolutionNode = FALSE
	EndGlobalSection
	GlobalSection(ExtensibilityGlobals) = postSolution
		SolutionGuid = {2006064B-15B1-46EB-9998-BE26D56832BA}
	EndGlobalSection
EndGlobal
